
Microsoft Visual Studio Solution File, Format Version 12.00
# Visual Studio 14
VisualStudioVersion = 14.0.25123.0
MinimumVisualStudioVersion = 10.0.40219.1
Project("{FAE04EC0-301F-11D3-BF4B-00C04F79EFBC}") = "Web", "Web\Web.csproj", "{E504157F-DBD0-4194-9594-132FDC78D768}"
EndProject
Project("{FAE04EC0-301F-11D3-BF4B-00C04F79EFBC}") = "Domain", "Domain\Domain.csproj", "{74773165-FDCA-420F-828F-303B5122F6B8}"
EndProject
Project("{FAE04EC0-301F-11D3-BF4B-00C04F79EFBC}") = "DAL", "DAL\DAL.csproj", "{93E4E33E-2644-4947-9C5E-B358E8B1AD3C}"
EndProject
Project("{FAE04EC0-301F-11D3-BF4B-00C04F79EFBC}") = "BLL", "BLL\BLL.csproj", "{6B1120AC-AE42-40D2-9926-AD1E971C226A}"
EndProject
Global
	GlobalSection(SolutionConfigurationPlatforms) = preSolution
		Debug|Any CPU = Debug|Any CPU
		Release|Any CPU = Release|Any CPU
	EndGlobalSection
	GlobalSection(ProjectConfigurationPlatforms) = postSolution
		{E504157F-DBD0-4194-9594-132FDC78D768}.Debug|Any CPU.ActiveCfg = Debug|Any CPU
		{E504157F-DBD0-4194-9594-132FDC78D768}.Debug|Any CPU.Build.0 = Debug|Any CPU
		{E504157F-DBD0-4194-9594-132FDC78D768}.Release|Any CPU.ActiveCfg = Release|Any CPU
		{E504157F-DBD0-4194-9594-132FDC78D768}.Release|Any CPU.Build.0 = Release|Any CPU
		{74773165-FDCA-420F-828F-303B5122F6B8}.Debug|Any CPU.ActiveCfg = Debug|Any CPU
		{74773165-FDCA-420F-828F-303B5122F6B8}.Debug|Any CPU.Build.0 = Debug|Any CPU
		{74773165-FDCA-420F-828F-303B5122F6B8}.Release|Any CPU.ActiveCfg = Release|Any CPU
		{74773165-FDCA-420F-828F-303B5122F6B8}.Release|Any CPU.Build.0 = Release|Any CPU
		{93E4E33E-2644-4947-9C5E-B358E8B1AD3C}.Debug|Any CPU.ActiveCfg = Debug|Any CPU
		{93E4E33E-2644-4947-9C5E-B358E8B1AD3C}.Debug|Any CPU.Build.0 = Debug|Any CPU
		{93E4E33E-2644-4947-9C5E-B358E8B1AD3C}.Release|Any CPU.ActiveCfg = Release|Any CPU
		{93E4E33E-2644-4947-9C5E-B358E8B1AD3C}.Release|Any CPU.Build.0 = Release|Any CPU
		{6B1120AC-AE42-40D2-9926-AD1E971C226A}.Debug|Any CPU.ActiveCfg = Debug|Any CPU
		{6B1120AC-AE42-40D2-9926-AD1E971C226A}.Debug|Any CPU.Build.0 = Debug|Any CPU
		{6B1120AC-AE42-40D2-9926-AD1E971C226A}.Release|Any CPU.ActiveCfg = Release|Any CPU
		{6B1120AC-AE42-40D2-9926-AD1E971C226A}.Release|Any CPU.Build.0 = Release|Any CPU
	EndGlobalSection
	GlobalSection(SolutionProperties) = preSolution
		HideSolutionNode = FALSE
	EndGlobalSection
EndGlobal
